
Microsoft Visual Studio Solution File, Format Version 12.00
# Visual Studio Version 16
VisualStudioVersion = 16.0.30225.117
MinimumVisualStudioVersion = 10.0.40219.1
Project("{FAE04EC0-301F-11D3-BF4B-00C04F79EFBC}") = "OrcidOauth", "OrcidOauth\OrcidOauth.csproj", "{5E491269-4DDB-458F-857D-B703D2ADED26}"
EndProject
Project("{FAE04EC0-301F-11D3-BF4B-00C04F79EFBC}") = "RestSandbox", "RestSandbox\RestSandbox.csproj", "{96DF23F7-60BE-4180-8DE2-6EE56CBBA20D}"
EndProject
Global
	GlobalSection(SolutionConfigurationPlatforms) = preSolution
		Debug|Any CPU = Debug|Any CPU
		Release|Any CPU = Release|Any CPU
	EndGlobalSection
	GlobalSection(ProjectConfigurationPlatforms) = postSolution
		{5E491269-4DDB-458F-857D-B703D2ADED26}.Debug|Any CPU.ActiveCfg = Debug|Any CPU
		{5E491269-4DDB-458F-857D-B703D2ADED26}.Debug|Any CPU.Build.0 = Debug|Any CPU
		{5E491269-4DDB-458F-857D-B703D2ADED26}.Release|Any CPU.ActiveCfg = Release|Any CPU
		{5E491269-4DDB-458F-857D-B703D2ADED26}.Release|Any CPU.Build.0 = Release|Any CPU
		{96DF23F7-60BE-4180-8DE2-6EE56CBBA20D}.Debug|Any CPU.ActiveCfg = Debug|Any CPU
		{96DF23F7-60BE-4180-8DE2-6EE56CBBA20D}.Debug|Any CPU.Build.0 = Debug|Any CPU
		{96DF23F7-60BE-4180-8DE2-6EE56CBBA20D}.Release|Any CPU.ActiveCfg = Release|Any CPU
		{96DF23F7-60BE-4180-8DE2-6EE56CBBA20D}.Release|Any CPU.Build.0 = Release|Any CPU
	EndGlobalSection
	GlobalSection(SolutionProperties) = preSolution
		HideSolutionNode = FALSE
	EndGlobalSection
	GlobalSection(ExtensibilityGlobals) = postSolution
		SolutionGuid = {2D663EFB-B499-43E4-B26B-045C1F01FC84}
	EndGlobalSection
EndGlobal
